<?xml version="1.0" encoding="utf-8"?>
<Project ToolsVersion="4.0" xmlns="http://schemas.microsoft.com/developer/msbuild/2003">
  <ItemGroup>
    <Filter Include="Source Files">
      <UniqueIdentifier>{4FC737F1-C7A5-4376-A066-2A32D752A2FF}</UniqueIdentifier>
      <Extensions>cpp;c;cc;cxx;c++;cppm;ixx;def;odl;idl;hpj;bat;asm;asmx</Extensions>
    </Filter>
    <Filter Include="Header Files">
      <UniqueIdentifier>{93995380-89BD-4b04-88EB-625FBE52EBFB}</UniqueIdentifier>
      <Extensions>h;hh;hpp;hxx;h++;hm;inl;inc;ipp;xsd</Extensions>
    </Filter>
    <Filter Include="Resource Files">
      <UniqueIdentifier>{67DA6AB6-F800-4c08-8B7A-83BB121AAD01}</UniqueIdentifier>
      <Extensions>rc;ico;cur;bmp;dlg;rc2;rct;bin;rgs;gif;jpg;jpeg;jpe;resx;tiff;tif;png;wav;mfcribbon-ms</Extensions>
    </Filter>
    <Filter Include="Source Files\Types">
      <UniqueIdentifier>{2375c729-5a54-42a6-bb1d-51f12ca803c0}</UniqueIdentifier>
    </Filter>
    <Filter Include="Source Files\DeviceCommunication">
      <UniqueIdentifier>{733f4d16-7c38-45c9-80a9-38e7d315a227}</UniqueIdentifier>
    </Filter>
    <Filter Include="Source Files\AudioControl">
      <UniqueIdentifier>{2b9f1897-6a73-4cff-bf6f-551632a4ad76}</UniqueIdentifier>
    </Filter>
  </ItemGroup>
  <ItemGroup>
    <ClCompile Include="main.cpp">
      <Filter>Source Files</Filter>
    </ClCompile>
    <ClCompile Include="strings.cpp">
      <Filter>Source Files\Types</Filter>
    </ClCompile>
    <ClCompile Include="volume.cpp">
      <Filter>Source Files\AudioControl</Filter>
    </ClCompile>
    <ClCompile Include="comport.cpp">
      <Filter>Source Files\DeviceCommunication</Filter>
    </ClCompile>
  </ItemGroup>
  <ItemGroup>
    <ClInclude Include="volume.h">
      <Filter>Header Files</Filter>
    </ClInclude>
    <ClInclude Include="comport.h">
      <Filter>Header Files</Filter>
    </ClInclude>
  </ItemGroup>
  <ItemGroup>
    <None Include="strings.h">
      <Filter>Header Files</Filter>
    </None>
    <None Include="settings.json">
      <Filter>Resource Files</Filter>
    </None>
  </ItemGroup>
</Project>